// !$*UTF8*$!
{
	archiveVersion = 1;
	classes = {
	};
	objectVersion = 46;
	objects = {

/* Begin PBXBuildFile section */
		7857681D1D815B0900F79D88 /* AppDelegate.swift in Sources */ = {isa = PBXBuildFile; fileRef = 7857681C1D815B0900F79D88 /* AppDelegate.swift */; };
		785768221D815B0900F79D88 /* Main.storyboard in Resources */ = {isa = PBXBuildFile; fileRef = 785768201D815B0900F79D88 /* Main.storyboard */; };
		785768241D815B0900F79D88 /* Assets.xcassets in Resources */ = {isa = PBXBuildFile; fileRef = 785768231D815B0900F79D88 /* Assets.xcassets */; };
		785768271D815B0900F79D88 /* LaunchScreen.storyboard in Resources */ = {isa = PBXBuildFile; fileRef = 785768251D815B0900F79D88 /* LaunchScreen.storyboard */; };
		789E0A7A1D829442001B6867 /* CalendarTableViewController.swift in Sources */ = {isa = PBXBuildFile; fileRef = 789E0A791D829441001B6867 /* CalendarTableViewController.swift */; };
		789E0A7C1D8294BA001B6867 /* CalendarTableViewCell.swift in Sources */ = {isa = PBXBuildFile; fileRef = 789E0A7B1D8294BA001B6867 /* CalendarTableViewCell.swift */; };
		789E0A7E1D829842001B6867 /* Calendar.swift in Sources */ = {isa = PBXBuildFile; fileRef = 789E0A7D1D829842001B6867 /* Calendar.swift */; };
/* End PBXBuildFile section */

/* Begin PBXFileReference section */
		785768191D815B0900F79D88 /* Runner.app */ = {isa = PBXFileReference; explicitFileType = wrapper.application; includeInIndex = 0; path = Runner.app; sourceTree = BUILT_PRODUCTS_DIR; };
		7857681C1D815B0900F79D88 /* AppDelegate.swift */ = {isa = PBXFileReference; lastKnownFileType = sourcecode.swift; path = AppDelegate.swift; sourceTree = "<group>"; };
		785768211D815B0900F79D88 /* Base */ = {isa = PBXFileReference; lastKnownFileType = file.storyboard; name = Base; path = Base.lproj/Main.storyboard; sourceTree = "<group>"; };
		785768231D815B0900F79D88 /* Assets.xcassets */ = {isa = PBXFileReference; lastKnownFileType = folder.assetcatalog; path = Assets.xcassets; sourceTree = "<group>"; };
		785768261D815B0900F79D88 /* Base */ = {isa = PBXFileReference; lastKnownFileType = file.storyboard; name = Base; path = Base.lproj/LaunchScreen.storyboard; sourceTree = "<group>"; };
		785768281D815B0900F79D88 /* Info.plist */ = {isa = PBXFileReference; lastKnownFileType = text.plist.xml; path = Info.plist; sourceTree = "<group>"; };
		789E0A791D829441001B6867 /* CalendarTableViewController.swift */ = {isa = PBXFileReference; fileEncoding = 4; lastKnownFileType = sourcecode.swift; path = CalendarTableViewController.swift; sourceTree = "<group>"; };
		789E0A7B1D8294BA001B6867 /* CalendarTableViewCell.swift */ = {isa = PBXFileReference; fileEncoding = 4; lastKnownFileType = sourcecode.swift; path = CalendarTableViewCell.swift; sourceTree = "<group>"; };
		789E0A7D1D829842001B6867 /* Calendar.swift */ = {isa = PBXFileReference; fileEncoding = 4; lastKnownFileType = sourcecode.swift; path = Calendar.swift; sourceTree = "<group>"; };
/* End PBXFileReference section */

/* Begin PBXFrameworksBuildPhase section */
		785768161D815B0900F79D88 /* Frameworks */ = {
			isa = PBXFrameworksBuildPhase;
			buildActionMask = 2147483647;
			files = (
			);
			runOnlyForDeploymentPostprocessing = 0;
		};
/* End PBXFrameworksBuildPhase section */

/* Begin PBXGroup section */
		785768101D815B0900F79D88 = {
			isa = PBXGroup;
			children = (
				7857681B1D815B0900F79D88 /* Runner */,
				7857681A1D815B0900F79D88 /* Products */,
			);
			sourceTree = "<group>";
		};
		7857681A1D815B0900F79D88 /* Products */ = {
			isa = PBXGroup;
			children = (
				785768191D815B0900F79D88 /* Runner.app */,
			);
			name = Products;
			sourceTree = "<group>";
		};
		7857681B1D815B0900F79D88 /* Runner */ = {
			isa = PBXGroup;
			children = (
				789E0A7B1D8294BA001B6867 /* CalendarTableViewCell.swift */,
				7857681C1D815B0900F79D88 /* AppDelegate.swift */,
				785768201D815B0900F79D88 /* Main.storyboard */,
				789E0A791D829441001B6867 /* CalendarTableViewController.swift */,
				789E0A7D1D829842001B6867 /* Calendar.swift */,
				785768251D815B0900F79D88 /* LaunchScreen.storyboard */,
				789E0A781D828DF0001B6867 /* Supporting Files */,
			);
			path = Runner;
			sourceTree = "<group>";
		};
		789E0A781D828DF0001B6867 /* Supporting Files */ = {
			isa = PBXGroup;
			children = (
				785768231D815B0900F79D88 /* Assets.xcassets */,
				785768281D815B0900F79D88 /* Info.plist */,
			);
			name = "Supporting Files";
			sourceTree = "<group>";
		};
/* End PBXGroup section */

/* Begin PBXNativeTarget section */
		785768181D815B0900F79D88 /* Runner */ = {
			isa = PBXNativeTarget;
			buildConfigurationList = 7857682B1D815B0900F79D88 /* Build configuration list for PBXNativeTarget "Runner" */;
			buildPhases = (
				785768151D815B0900F79D88 /* Sources */,
				785768161D815B0900F79D88 /* Frameworks */,
				785768171D815B0900F79D88 /* Resources */,
			);
			buildRules = (
			);
			dependencies = (
			);
			name = Runner;
			productName = Runner;
			productReference = 785768191D815B0900F79D88 /* Runner.app */;
			productType = "com.apple.product-type.application";
		};
/* End PBXNativeTarget section */

/* Begin PBXProject section */
		785768111D815B0900F79D88 /* Project object */ = {
			isa = PBXProject;
			attributes = {
				LastSwiftUpdateCheck = 0730;
				LastUpgradeCheck = 0730;
				ORGANIZATIONNAME = "Igor Sinyakov";
				TargetAttributes = {
					785768181D815B0900F79D88 = {
						CreatedOnToolsVersion = 7.3.1;
						DevelopmentTeam = 8ZX477FQPL;
					};
				};
			};
			buildConfigurationList = 785768141D815B0900F79D88 /* Build configuration list for PBXProject "Runner" */;
			compatibilityVersion = "Xcode 3.2";
			developmentRegion = English;
			hasScannedForEncodings = 0;
			knownRegions = (
				en,
				Base,
			);
			mainGroup = 785768101D815B0900F79D88;
			productRefGroup = 7857681A1D815B0900F79D88 /* Products */;
			projectDirPath = "";
			projectRoot = "";
			targets = (
				785768181D815B0900F79D88 /* Runner */,
			);
		};
/* End PBXProject section */

/* Begin PBXResourcesBuildPhase section */
		785768171D815B0900F79D88 /* Resources */ = {
			isa = PBXResourcesBuildPhase;
			buildActionMask = 2147483647;
			files = (
				785768271D815B0900F79D88 /* LaunchScreen.storyboard in Resources */,
				785768241D815B0900F79D88 /* Assets.xcassets in Resources */,
				785768221D815B0900F79D88 /* Main.storyboard in Resources */,
			);
			runOnlyForDeploymentPostprocessing = 0;
		};
/* End PBXResourcesBuildPhase section */

/* Begin PBXSourcesBuildPhase section */
		785768151D815B0900F79D88 /* Sources */ = {
			isa = PBXSourcesBuildPhase;
			buildActionMask = 2147483647;
			files = (
				7857681D1D815B0900F79D88 /* AppDelegate.swift in Sources */,
				789E0A7A1D829442001B6867 /* CalendarTableViewController.swift in Sources */,
				789E0A7C1D8294BA001B6867 /* CalendarTableViewCell.swift in Sources */,
				789E0A7E1D829842001B6867 /* Calendar.swift in Sources */,
			);
			runOnlyForDeploymentPostprocessing = 0;
		};
/* End PBXSourcesBuildPhase section */

/* Begin PBXVariantGroup section */
		785768201D815B0900F79D88 /* Main.storyboard */ = {
			isa = PBXVariantGroup;
			children = (
				785768211D815B0900F79D88 /* Base */,
			);
			name = Main.storyboard;
			sourceTree = "<group>";
		};
		785768251D815B0900F79D88 /* LaunchScreen.storyboard */ = {
			isa = PBXVariantGroup;
			children = (
				785768261D815B0900F79D88 /* Base */,
			);
			name = LaunchScreen.storyboard;
			sourceTree = "<group>";
		};
/* End PBXVariantGroup section */

/* Begin XCBuildConfiguration section */
		785768291D815B0900F79D88 /* Debug */ = {
			isa = XCBuildConfiguration;
			buildSettings = {
				ALWAYS_SEARCH_USER_PATHS = NO;
				CLANG_ANALYZER_NONNULL = YES;
				CLANG_CXX_LANGUAGE_STANDARD = "gnu++0x";
				CLANG_CXX_LIBRARY = "libc++";
				CLANG_ENABLE_MODULES = YES;
				CLANG_ENABLE_OBJC_ARC = YES;
				CLANG_WARN_BOOL_CONVERSION = YES;
				CLANG_WARN_CONSTANT_CONVERSION = YES;
				CLANG_WARN_DIRECT_OBJC_ISA_USAGE = YES_ERROR;
				CLANG_WARN_EMPTY_BODY = YES;
				CLANG_WARN_ENUM_CONVERSION = YES;
				CLANG_WARN_INT_CONVERSION = YES;
				CLANG_WARN_OBJC_ROOT_CLASS = YES_ERROR;
				CLANG_WARN_UNREACHABLE_CODE = YES;
				CLANG_WARN__DUPLICATE_METHOD_MATCH = YES;
				"CODE_SIGN_IDENTITY[sdk=iphoneos*]" = "iPhone Developer";
				COPY_PHASE_STRIP = NO;
				DEBUG_INFORMATION_FORMAT = dwarf;
				ENABLE_STRICT_OBJC_MSGSEND = YES;
				ENABLE_TESTABILITY = YES;
				GCC_C_LANGUAGE_STANDARD = gnu99;
				GCC_DYNAMIC_NO_PIC = NO;
				GCC_NO_COMMON_BLOCKS = YES;
				GCC_OPTIMIZATION_LEVEL = 0;
				GCC_PREPROCESSOR_DEFINITIONS = (
					"DEBUG=1",
					"$(inherited)",
				);
				GCC_WARN_64_TO_32_BIT_CONVERSION = YES;
				GCC_WARN_ABOUT_RETURN_TYPE = YES_ERROR;
				GCC_WARN_UNDECLARED_SELECTOR = YES;
				GCC_WARN_UNINITIALIZED_AUTOS = YES_AGGRESSIVE;
				GCC_WARN_UNUSED_FUNCTION = YES;
				GCC_WARN_UNUSED_VARIABLE = YES;
				IPHONEOS_DEPLOYMENT_TARGET = 9.3;
				MTL_ENABLE_DEBUG_INFO = YES;
				ONLY_ACTIVE_ARCH = YES;
				SDKROOT = iphoneos;
				SWIFT_OPTIMIZATION_LEVEL = "-Onone";
				TARGETED_DEVICE_FAMILY = "1,2";
			};
			name = Debug;
		};
		7857682A1D815B0900F79D88 /* Release */ = {
			isa = XCBuildConfiguration;
			buildSettings = {
				ALWAYS_SEARCH_USER_PATHS = NO;
				CLANG_ANALYZER_NONNULL = YES;
				CLANG_CXX_LANGUAGE_STANDARD = "gnu++0x";
				CLANG_CXX_LIBRARY = "libc++";
				CLANG_ENABLE_MODULES = YES;
				CLANG_ENABLE_OBJC_ARC = YES;
				CLANG_WARN_BOOL_CONVERSION = YES;
				CLANG_WARN_CONSTANT_CONVERSION = YES;
				CLANG_WARN_DIRECT_OBJC_ISA_USAGE = YES_ERROR;
				CLANG_WARN_EMPTY_BODY = YES;
				CLANG_WARN_ENUM_CONVERSION = YES;
				CLANG_WARN_INT_CONVERSION = YES;
				CLANG_WARN_OBJC_ROOT_CLASS = YES_ERROR;
				CLANG_WARN_UNREACHABLE_CODE = YES;
				CLANG_WARN__DUPLICATE_METHOD_MATCH = YES;
				"CODE_SIGN_IDENTITY[sdk=iphoneos*]" = "iPhone Developer";
				COPY_PHASE_STRIP = NO;
				DEBUG_INFORMATION_FORMAT = "dwarf-with-dsym";
				ENABLE_NS_ASSERTIONS = NO;
				ENABLE_STRICT_OBJC_MSGSEND = YES;
				GCC_C_LANGUAGE_STANDARD = gnu99;
				GCC_NO_COMMON_BLOCKS = YES;
				GCC_WARN_64_TO_32_BIT_CONVERSION = YES;
				GCC_WARN_ABOUT_RETURN_TYPE = YES_ERROR;
				GCC_WARN_UNDECLARED_SELECTOR = YES;
				GCC_WARN_UNINITIALIZED_AUTOS = YES_AGGRESSIVE;
				GCC_WARN_UNUSED_FUNCTION = YES;
				GCC_WARN_UNUSED_VARIABLE = YES;
				IPHONEOS_DEPLOYMENT_TARGET = 9.3;
				MTL_ENABLE_DEBUG_INFO = NO;
				SDKROOT = iphoneos;
				TARGETED_DEVICE_FAMILY = "1,2";
				VALIDATE_PRODUCT = YES;
			};
			name = Release;
		};
		7857682C1D815B0900F79D88 /* Debug */ = {
			isa = XCBuildConfiguration;
			buildSettings = {
				ASSETCATALOG_COMPILER_APPICON_NAME = AppIcon;
				INFOPLIST_FILE = Runner/Info.plist;
				LD_RUNPATH_SEARCH_PATHS = "$(inherited) @executable_path/Frameworks";
				PRODUCT_BUNDLE_IDENTIFIER = com.hoicehome.Runner;
				PRODUCT_NAME = "$(TARGET_NAME)";
			};
			name = Debug;
		};
		7857682D1D815B0900F79D88 /* Release */ = {
			isa = XCBuildConfiguration;
			buildSettings = {
				ASSETCATALOG_COMPILER_APPICON_NAME = AppIcon;
				INFOPLIST_FILE = Runner/Info.plist;
				LD_RUNPATH_SEARCH_PATHS = "$(inherited) @executable_path/Frameworks";
				PRODUCT_BUNDLE_IDENTIFIER = com.hoicehome.Runner;
				PRODUCT_NAME = "$(TARGET_NAME)";
			};
			name = Release;
		};
/* End XCBuildConfiguration section */

/* Begin XCConfigurationList section */
		785768141D815B0900F79D88 /* Build configuration list for PBXProject "Runner" */ = {
			isa = XCConfigurationList;
			buildConfigurations = (
				785768291D815B0900F79D88 /* Debug */,
				7857682A1D815B0900F79D88 /* Release */,
			);
			defaultConfigurationIsVisible = 0;
			defaultConfigurationName = Release;
		};
		7857682B1D815B0900F79D88 /* Build configuration list for PBXNativeTarget "Runner" */ = {
			isa = XCConfigurationList;
			buildConfigurations = (
				7857682C1D815B0900F79D88 /* Debug */,
				7857682D1D815B0900F79D88 /* Release */,
			);
			defaultConfigurationIsVisible = 0;
			defaultConfigurationName = Release;
		};
/* End XCConfigurationList section */
	};
	rootObject = 785768111D815B0900F79D88 /* Project object */;
}
